
Microsoft Visual Studio Solution File, Format Version 12.00
# Visual Studio Version 17
VisualStudioVersion = 17.1.32407.343
MinimumVisualStudioVersion = 10.0.40219.1
Project("{FAE04EC0-301F-11D3-BF4B-00C04F79EFBC}") = "NewTask1", "NewTask1\NewTask1.csproj", "{572E0DE5-F6FE-4CF4-9E69-58913B3EBC2A}"
EndProject
Global
	GlobalSection(SolutionConfigurationPlatforms) = preSolution
		Debug|Any CPU = Debug|Any CPU
		Release|Any CPU = Release|Any CPU
	EndGlobalSection
	GlobalSection(ProjectConfigurationPlatforms) = postSolution
		{572E0DE5-F6FE-4CF4-9E69-58913B3EBC2A}.Debug|Any CPU.ActiveCfg = Debug|Any CPU
		{572E0DE5-F6FE-4CF4-9E69-58913B3EBC2A}.Debug|Any CPU.Build.0 = Debug|Any CPU
		{572E0DE5-F6FE-4CF4-9E69-58913B3EBC2A}.Release|Any CPU.ActiveCfg = Release|Any CPU
		{572E0DE5-F6FE-4CF4-9E69-58913B3EBC2A}.Release|Any CPU.Build.0 = Release|Any CPU
	EndGlobalSection
	GlobalSection(SolutionProperties) = preSolution
		HideSolutionNode = FALSE
	EndGlobalSection
	GlobalSection(ExtensibilityGlobals) = postSolution
		SolutionGuid = {D32C5654-D91C-4A7A-8F96-7B4DE5FA2EC0}
	EndGlobalSection
EndGlobal
